
Microsoft Visual Studio Solution File, Format Version 12.00
# Visual Studio 15
VisualStudioVersion = 15.0.28307.1022
MinimumVisualStudioVersion = 10.0.40219.1
Project("{FAE04EC0-301F-11D3-BF4B-00C04F79EFBC}") = "Balkezesek", "Balkezesek\Balkezesek.csproj", "{0156612F-A6E8-4AE2-8D89-32B9F2C8997B}"
EndProject
Global
	GlobalSection(SolutionConfigurationPlatforms) = preSolution
		Debug|Any CPU = Debug|Any CPU
		Release|Any CPU = Release|Any CPU
	EndGlobalSection
	GlobalSection(ProjectConfigurationPlatforms) = postSolution
		{0156612F-A6E8-4AE2-8D89-32B9F2C8997B}.Debug|Any CPU.ActiveCfg = Debug|Any CPU
		{0156612F-A6E8-4AE2-8D89-32B9F2C8997B}.Debug|Any CPU.Build.0 = Debug|Any CPU
		{0156612F-A6E8-4AE2-8D89-32B9F2C8997B}.Release|Any CPU.ActiveCfg = Release|Any CPU
		{0156612F-A6E8-4AE2-8D89-32B9F2C8997B}.Release|Any CPU.Build.0 = Release|Any CPU
	EndGlobalSection
	GlobalSection(SolutionProperties) = preSolution
		HideSolutionNode = FALSE
	EndGlobalSection
	GlobalSection(ExtensibilityGlobals) = postSolution
		SolutionGuid = {03215490-41E8-4074-8B5A-F8599410110F}
	EndGlobalSection
EndGlobal
